github.com/AravindIM/webview_go v0.0.0-20260228194217-2748edfce336 h1:oh8jVIcz71p2x2ioGitAVEFK5S6OrKjv0H+BheNpFsU=
github.com/AravindIM/webview_go v0.0.0-20260228194217-2748edfce336/go.mod h1:AGNf0mCbXZCFxjfL8dycNZKzjhxw4a2+QZI49tJNVtM=
github.com/AravindIM/webview_go v0.0.1 h1:4rjbrl045qLCOuwjcdzZLX/nOxWEKT1ypUiU8wYNoMs=
github.com/AravindIM/webview_go v0.0.1/go.mod h1:AGNf0mCbXZCFxjfL8dycNZKzjhxw4a2+QZI49tJNVtM=
